
Microsoft Visual Studio Solution File, Format Version 12.00
# Visual Studio Version 17
VisualStudioVersion = 17.9.34622.214
MinimumVisualStudioVersion = 10.0.40219.1
Project("{9A19103F-16F7-4668-BE54-9A1E7A4F7556}") = "IdentityService", "IdentityService\IdentityService.csproj", "{2173EA52-B366-43F9-AB7A-4A1D5C506FE5}"
EndProject
Project("{FAE04EC0-301F-11D3-BF4B-00C04F79EFBC}") = "Policy", "Policy\Policy.csproj", "{DA14173C-A931-4B8D-9618-B60E14E0B493}"
EndProject
Project("{FAE04EC0-301F-11D3-BF4B-00C04F79EFBC}") = "Identity.Gateway", "Identity.Gateway\Identity.Gateway.csproj", "{CCF71A9B-0C30-44C4-B9A8-4366729843F1}"
EndProject
Project("{FAE04EC0-301F-11D3-BF4B-00C04F79EFBC}") = "Policy.Notification", "Policy.Notification\Policy.Notification.csproj", "{2A7C9032-1044-45DC-A569-33EB5BCF3919}"
EndProject
Project("{FAE04EC0-301F-11D3-BF4B-00C04F79EFBC}") = "Registration.UI", "Registration.UI\Registration.UI.csproj", "{FDBA7566-C70E-4BEC-B7FF-6B86D28A6048}"
EndProject
Project("{FAE04EC0-301F-11D3-BF4B-00C04F79EFBC}") = "Policy.UI", "Policy.UI\Policy.UI.csproj", "{7EE6E3AD-26F2-4570-8C7C-0A737DB62ED5}"
EndProject
Project("{FAE04EC0-301F-11D3-BF4B-00C04F79EFBC}") = "Registration.Test", "Registration.Test\Registration.Test.csproj", "{EBCFD50E-D6F2-4DE4-8A70-2AE995604A4B}"
EndProject
Project("{FAE04EC0-301F-11D3-BF4B-00C04F79EFBC}") = "Policy.Test", "Policy.Test\Policy.Test.csproj", "{FAAEDBE4-8BB2-4787-AA84-53BE84382778}"
EndProject
Global
	GlobalSection(SolutionConfigurationPlatforms) = preSolution
		Debug|Any CPU = Debug|Any CPU
		Release|Any CPU = Release|Any CPU
	EndGlobalSection
	GlobalSection(ProjectConfigurationPlatforms) = postSolution
		{2173EA52-B366-43F9-AB7A-4A1D5C506FE5}.Debug|Any CPU.ActiveCfg = Debug|Any CPU
		{2173EA52-B366-43F9-AB7A-4A1D5C506FE5}.Debug|Any CPU.Build.0 = Debug|Any CPU
		{2173EA52-B366-43F9-AB7A-4A1D5C506FE5}.Release|Any CPU.ActiveCfg = Release|Any CPU
		{2173EA52-B366-43F9-AB7A-4A1D5C506FE5}.Release|Any CPU.Build.0 = Release|Any CPU
		{DA14173C-A931-4B8D-9618-B60E14E0B493}.Debug|Any CPU.ActiveCfg = Debug|Any CPU
		{DA14173C-A931-4B8D-9618-B60E14E0B493}.Debug|Any CPU.Build.0 = Debug|Any CPU
		{DA14173C-A931-4B8D-9618-B60E14E0B493}.Release|Any CPU.ActiveCfg = Release|Any CPU
		{DA14173C-A931-4B8D-9618-B60E14E0B493}.Release|Any CPU.Build.0 = Release|Any CPU
		{CCF71A9B-0C30-44C4-B9A8-4366729843F1}.Debug|Any CPU.ActiveCfg = Debug|Any CPU
		{CCF71A9B-0C30-44C4-B9A8-4366729843F1}.Debug|Any CPU.Build.0 = Debug|Any CPU
		{CCF71A9B-0C30-44C4-B9A8-4366729843F1}.Release|Any CPU.ActiveCfg = Release|Any CPU
		{CCF71A9B-0C30-44C4-B9A8-4366729843F1}.Release|Any CPU.Build.0 = Release|Any CPU
		{2A7C9032-1044-45DC-A569-33EB5BCF3919}.Debug|Any CPU.ActiveCfg = Debug|Any CPU
		{2A7C9032-1044-45DC-A569-33EB5BCF3919}.Debug|Any CPU.Build.0 = Debug|Any CPU
		{2A7C9032-1044-45DC-A569-33EB5BCF3919}.Release|Any CPU.ActiveCfg = Release|Any CPU
		{2A7C9032-1044-45DC-A569-33EB5BCF3919}.Release|Any CPU.Build.0 = Release|Any CPU
		{FDBA7566-C70E-4BEC-B7FF-6B86D28A6048}.Debug|Any CPU.ActiveCfg = Debug|Any CPU
		{FDBA7566-C70E-4BEC-B7FF-6B86D28A6048}.Debug|Any CPU.Build.0 = Debug|Any CPU
		{FDBA7566-C70E-4BEC-B7FF-6B86D28A6048}.Release|Any CPU.ActiveCfg = Release|Any CPU
		{FDBA7566-C70E-4BEC-B7FF-6B86D28A6048}.Release|Any CPU.Build.0 = Release|Any CPU
		{7EE6E3AD-26F2-4570-8C7C-0A737DB62ED5}.Debug|Any CPU.ActiveCfg = Debug|Any CPU
		{7EE6E3AD-26F2-4570-8C7C-0A737DB62ED5}.Debug|Any CPU.Build.0 = Debug|Any CPU
		{7EE6E3AD-26F2-4570-8C7C-0A737DB62ED5}.Release|Any CPU.ActiveCfg = Release|Any CPU
		{7EE6E3AD-26F2-4570-8C7C-0A737DB62ED5}.Release|Any CPU.Build.0 = Release|Any CPU
		{EBCFD50E-D6F2-4DE4-8A70-2AE995604A4B}.Debug|Any CPU.ActiveCfg = Debug|Any CPU
		{EBCFD50E-D6F2-4DE4-8A70-2AE995604A4B}.Debug|Any CPU.Build.0 = Debug|Any CPU
		{EBCFD50E-D6F2-4DE4-8A70-2AE995604A4B}.Release|Any CPU.ActiveCfg = Release|Any CPU
		{EBCFD50E-D6F2-4DE4-8A70-2AE995604A4B}.Release|Any CPU.Build.0 = Release|Any CPU
		{FAAEDBE4-8BB2-4787-AA84-53BE84382778}.Debug|Any CPU.ActiveCfg = Debug|Any CPU
		{FAAEDBE4-8BB2-4787-AA84-53BE84382778}.Debug|Any CPU.Build.0 = Debug|Any CPU
		{FAAEDBE4-8BB2-4787-AA84-53BE84382778}.Release|Any CPU.ActiveCfg = Release|Any CPU
		{FAAEDBE4-8BB2-4787-AA84-53BE84382778}.Release|Any CPU.Build.0 = Release|Any CPU
	EndGlobalSection
	GlobalSection(SolutionProperties) = preSolution
		HideSolutionNode = FALSE
	EndGlobalSection
	GlobalSection(ExtensibilityGlobals) = postSolution
		SolutionGuid = {2407A8EB-1D79-47B7-A7D2-110341719479}
	EndGlobalSection
EndGlobal
